
Microsoft Visual Studio Solution File, Format Version 12.00
# Visual Studio 14
VisualStudioVersion = 14.0.25420.1
MinimumVisualStudioVersion = 10.0.40219.1
Project("{FAE04EC0-301F-11D3-BF4B-00C04F79EFBC}") = "CafeOtomasyon", "CafeOtomasyon\CafeOtomasyon.csproj", "{BD3631CC-34F0-4A46-A5F0-D77692F870DA}"
EndProject
Global
	GlobalSection(SolutionConfigurationPlatforms) = preSolution
		Debug|Any CPU = Debug|Any CPU
		Release|Any CPU = Release|Any CPU
	EndGlobalSection
	GlobalSection(ProjectConfigurationPlatforms) = postSolution
		{BD3631CC-34F0-4A46-A5F0-D77692F870DA}.Debug|Any CPU.ActiveCfg = Debug|Any CPU
		{BD3631CC-34F0-4A46-A5F0-D77692F870DA}.Debug|Any CPU.Build.0 = Debug|Any CPU
		{BD3631CC-34F0-4A46-A5F0-D77692F870DA}.Release|Any CPU.ActiveCfg = Release|Any CPU
		{BD3631CC-34F0-4A46-A5F0-D77692F870DA}.Release|Any CPU.Build.0 = Release|Any CPU
	EndGlobalSection
	GlobalSection(SolutionProperties) = preSolution
		HideSolutionNode = FALSE
	EndGlobalSection
EndGlobal
